
Microsoft Visual Studio Solution File, Format Version 12.00
# Visual Studio Version 17
VisualStudioVersion = 17.1.32328.378
MinimumVisualStudioVersion = 10.0.40219.1
Project("{FAE04EC0-301F-11D3-BF4B-00C04F79EFBC}") = "DoQL", "DoQL.csproj", "{C4690D3E-94B2-403D-99AD-33A5FEE812A6}"
EndProject
Global
	GlobalSection(SolutionConfigurationPlatforms) = preSolution
		Debug|Any CPU = Debug|Any CPU
		Release|Any CPU = Release|Any CPU
	EndGlobalSection
	GlobalSection(ProjectConfigurationPlatforms) = postSolution
		{C4690D3E-94B2-403D-99AD-33A5FEE812A6}.Debug|Any CPU.ActiveCfg = Debug|Any CPU
		{C4690D3E-94B2-403D-99AD-33A5FEE812A6}.Debug|Any CPU.Build.0 = Debug|Any CPU
		{C4690D3E-94B2-403D-99AD-33A5FEE812A6}.Release|Any CPU.ActiveCfg = Release|Any CPU
		{C4690D3E-94B2-403D-99AD-33A5FEE812A6}.Release|Any CPU.Build.0 = Release|Any CPU
	EndGlobalSection
	GlobalSection(SolutionProperties) = preSolution
		HideSolutionNode = FALSE
	EndGlobalSection
	GlobalSection(ExtensibilityGlobals) = postSolution
		SolutionGuid = {DA3F34D9-CA88-4E66-8A86-EEF4E80E7C56}
	EndGlobalSection
EndGlobal
